{
    "_meta": {
        "hash": {
            "sha256": "06cf7c0a2d52eba3d25894ed98b565f563edeb5d2481ac296b21cf1433e38e28"
        },
        "pipfile-spec": 6,
        "requires": {
            "python_version": "3.8"
        },
        "sources": [
            {
                "name": "pypi",
                "url": "https://pypi.org/simple",
                "verify_ssl": true
            }
        ]
    },
    "default": {
        "playsound": {
            "hashes": [
                "sha256:1e83750a5325cbccee03d6e751ba3e78c037ac95b95a3ba1f38d0c5aca9e1a34"
            ],
            "index": "pypi",
            "version": "==1.2.2"
        }
    },
    "develop": {}
}
